{
  "name": "custom-badges",
  "version": "0.0.1",
  "lockfileVersion": 1,
  "requires": true,
  "dependencies": {
    "anafanafo": {
      "version": "1.0.0",
      "resolved": "http://jemix.ordix.de:8091/nexus/repository/npm-group/anafanafo/-/anafanafo-1.0.0.tgz",
      "integrity": "sha512-pDPbI7SFRHu0byMXHAf+v74+LCcHSxnLYkcbfiV91XRlE+NSLpFCpEQdVUy9ZxZw/LuhTrOin4r8wlR3OFrKBA==",
      "dev": true,
      "requires": {
        "char-width-table-consumer": "^1.0.0"
      }
    },
    "badge-maker": {
      "version": "3.3.0",
      "resolved": "http://jemix.ordix.de:8091/nexus/repository/npm-group/badge-maker/-/badge-maker-3.3.0.tgz",
      "integrity": "sha512-jYOlYss1BqwrjHnV6cIFD7G6XDdJ6rbZrzXxJulee3WhUjmXmHWOBm4xhtq10C6rrM5vEeWOB8WpZCD/LfI9CA==",
      "dev": true,
      "requires": {
        "anafanafo": "^1.0.0",
        "css-color-converter": "^2.0.0"
      }
    },
    "binary-search": {
      "version": "1.3.6",
      "resolved": "http://jemix.ordix.de:8091/nexus/repository/npm-group/binary-search/-/binary-search-1.3.6.tgz",
      "integrity": "sha512-nbE1WxOTTrUWIfsfZ4aHGYu5DOuNkbxGokjV6Z2kxfJK3uaAb8zNK1muzOeipoLHZjInT4Br88BHpzevc681xA==",
      "dev": true
    },
    "char-width-table-consumer": {
      "version": "1.0.0",
      "resolved": "http://jemix.ordix.de:8091/nexus/repository/npm-group/char-width-table-consumer/-/char-width-table-consumer-1.0.0.tgz",
      "integrity": "sha512-Fz4UD0LBpxPgL9i29CJ5O4KANwaMnX/OhhbxzvNa332h+9+nRKyeuLw4wA51lt/ex67+/AdsoBQJF3kgX2feYQ==",
      "dev": true,
      "requires": {
        "binary-search": "^1.3.5"
      }
    },
    "color-convert": {
      "version": "0.5.3",
      "resolved": "http://jemix.ordix.de:8091/nexus/repository/npm-group/color-convert/-/color-convert-0.5.3.tgz",
      "integrity": "sha1-vbbGnOZg+t/+CwAHzER+G59ygr0=",
      "dev": true
    },
    "color-name": {
      "version": "1.1.4",
      "resolved": "http://jemix.ordix.de:8091/nexus/repository/npm-group/color-name/-/color-name-1.1.4.tgz",
      "integrity": "sha512-dOy+3AuW3a2wNbZHIuMZpTcgjGuLU/uBL/ubcZF9OXbDo8ff4O8yVp5Bf0efS8uEoYo5q4Fx7dY9OgQGXgAsQA==",
      "dev": true
    },
    "css-color-converter": {
      "version": "2.0.0",
      "resolved": "http://jemix.ordix.de:8091/nexus/repository/npm-group/css-color-converter/-/css-color-converter-2.0.0.tgz",
      "integrity": "sha512-oLIG2soZz3wcC3aAl/7Us5RS8Hvvc6I8G8LniF/qfMmrm7fIKQ8RIDDRZeKyGL2SrWfNqYspuLShbnjBMVWm8g==",
      "dev": true,
      "requires": {
        "color-convert": "^0.5.2",
        "color-name": "^1.1.4",
        "css-unit-converter": "^1.1.2"
      }
    },
    "css-unit-converter": {
      "version": "1.1.2",
      "resolved": "http://jemix.ordix.de:8091/nexus/repository/npm-group/css-unit-converter/-/css-unit-converter-1.1.2.tgz",
      "integrity": "sha512-IiJwMC8rdZE0+xiEZHeru6YoONC4rfPMqGm2W85jMIbkFvv5nFTwJVFHam2eFrN6txmoUYFAFXiv8ICVeTO0MA==",
      "dev": true
    }
  }
}
